
Microsoft Visual Studio Solution File, Format Version 12.00
# Visual Studio Version 17
VisualStudioVersion = 17.0.31903.59
MinimumVisualStudioVersion = 10.0.40219.1
Project("{2150E333-8FDC-42A3-9474-1A3956D46DE8}") = "src", "src", "{D4574F82-6047-4B7F-B5CB-530298D20DEC}"
EndProject
Project("{FAE04EC0-301F-11D3-BF4B-00C04F79EFBC}") = "Leger", "src\Leger\Leger.csproj", "{2FBB44B9-B434-43C9-A965-E0B996804BBE}"
EndProject
Project("{2150E333-8FDC-42A3-9474-1A3956D46DE8}") = "test", "test", "{1A2DD0F8-0524-43C2-A642-6A5168861D51}"
EndProject
Project("{FAE04EC0-301F-11D3-BF4B-00C04F79EFBC}") = "Leger.Tests", "test\Leger.Tests\Leger.Tests.csproj", "{494BB051-809C-4A2A-AD2C-83392E7696B1}"
EndProject
Global
	GlobalSection(SolutionConfigurationPlatforms) = preSolution
		Debug|Any CPU = Debug|Any CPU
		Release|Any CPU = Release|Any CPU
	EndGlobalSection
	GlobalSection(SolutionProperties) = preSolution
		HideSolutionNode = FALSE
	EndGlobalSection
	GlobalSection(ProjectConfigurationPlatforms) = postSolution
		{2FBB44B9-B434-43C9-A965-E0B996804BBE}.Debug|Any CPU.ActiveCfg = Debug|Any CPU
		{2FBB44B9-B434-43C9-A965-E0B996804BBE}.Debug|Any CPU.Build.0 = Debug|Any CPU
		{2FBB44B9-B434-43C9-A965-E0B996804BBE}.Release|Any CPU.ActiveCfg = Release|Any CPU
		{2FBB44B9-B434-43C9-A965-E0B996804BBE}.Release|Any CPU.Build.0 = Release|Any CPU
		{494BB051-809C-4A2A-AD2C-83392E7696B1}.Debug|Any CPU.ActiveCfg = Debug|Any CPU
		{494BB051-809C-4A2A-AD2C-83392E7696B1}.Debug|Any CPU.Build.0 = Debug|Any CPU
		{494BB051-809C-4A2A-AD2C-83392E7696B1}.Release|Any CPU.ActiveCfg = Release|Any CPU
		{494BB051-809C-4A2A-AD2C-83392E7696B1}.Release|Any CPU.Build.0 = Release|Any CPU
	EndGlobalSection
	GlobalSection(NestedProjects) = preSolution
		{2FBB44B9-B434-43C9-A965-E0B996804BBE} = {D4574F82-6047-4B7F-B5CB-530298D20DEC}
		{494BB051-809C-4A2A-AD2C-83392E7696B1} = {1A2DD0F8-0524-43C2-A642-6A5168861D51}
	EndGlobalSection
EndGlobal
